
Microsoft Visual Studio Solution File, Format Version 12.00
# Visual Studio 2013
VisualStudioVersion = 12.0.21005.1
MinimumVisualStudioVersion = 10.0.40219.1
Project("{FAE04EC0-301F-11D3-BF4B-00C04F79EFBC}") = "EGH01", "EGH01\EGH01.csproj", "{D822F223-1D0A-4AA3-8E18-20B8B01BED97}"
EndProject
Project("{FAE04EC0-301F-11D3-BF4B-00C04F79EFBC}") = "EGH01DB", "EGH01DB\EGH01DB.csproj", "{AC60D94D-83CD-4882-8F07-D4B56AAB8F75}"
EndProject
Global
	GlobalSection(SolutionConfigurationPlatforms) = preSolution
		Debug|Any CPU = Debug|Any CPU
		Release|Any CPU = Release|Any CPU
	EndGlobalSection
	GlobalSection(ProjectConfigurationPlatforms) = postSolution
		{D822F223-1D0A-4AA3-8E18-20B8B01BED97}.Debug|Any CPU.ActiveCfg = Debug|Any CPU
		{D822F223-1D0A-4AA3-8E18-20B8B01BED97}.Debug|Any CPU.Build.0 = Debug|Any CPU
		{D822F223-1D0A-4AA3-8E18-20B8B01BED97}.Release|Any CPU.ActiveCfg = Release|Any CPU
		{D822F223-1D0A-4AA3-8E18-20B8B01BED97}.Release|Any CPU.Build.0 = Release|Any CPU
		{AC60D94D-83CD-4882-8F07-D4B56AAB8F75}.Debug|Any CPU.ActiveCfg = Debug|Any CPU
		{AC60D94D-83CD-4882-8F07-D4B56AAB8F75}.Debug|Any CPU.Build.0 = Debug|Any CPU
		{AC60D94D-83CD-4882-8F07-D4B56AAB8F75}.Release|Any CPU.ActiveCfg = Release|Any CPU
		{AC60D94D-83CD-4882-8F07-D4B56AAB8F75}.Release|Any CPU.Build.0 = Release|Any CPU
	EndGlobalSection
	GlobalSection(SolutionProperties) = preSolution
		HideSolutionNode = FALSE
	EndGlobalSection
EndGlobal
